
Microsoft Visual Studio Solution File, Format Version 12.00
# Visual Studio Version 17
VisualStudioVersion = 17.3.32922.545
MinimumVisualStudioVersion = 10.0.40219.1
Project("{9A19103F-16F7-4668-BE54-9A1E7A4F7556}") = "DataAccess", "DataAccess\DataAccess.csproj", "{D656694D-207A-4C7B-9A66-E8E372F1723A}"
EndProject
Project("{9A19103F-16F7-4668-BE54-9A1E7A4F7556}") = "Business", "Business\Business.csproj", "{1D1A1943-9C81-4C67-A1A7-4CA4251D359E}"
EndProject
Project("{9A19103F-16F7-4668-BE54-9A1E7A4F7556}") = "Entities", "Entities\Entities.csproj", "{247860B8-D902-4B2A-9344-3DD0F52C81B8}"
EndProject
Project("{FAE04EC0-301F-11D3-BF4B-00C04F79EFBC}") = "ConsoleUI", "ConsoleUI\ConsoleUI.csproj", "{CDEE8990-B1A1-4644-9B7D-752E8EA836C6}"
EndProject
Global
	GlobalSection(SolutionConfigurationPlatforms) = preSolution
		Debug|Any CPU = Debug|Any CPU
		Release|Any CPU = Release|Any CPU
	EndGlobalSection
	GlobalSection(ProjectConfigurationPlatforms) = postSolution
		{D656694D-207A-4C7B-9A66-E8E372F1723A}.Debug|Any CPU.ActiveCfg = Debug|Any CPU
		{D656694D-207A-4C7B-9A66-E8E372F1723A}.Debug|Any CPU.Build.0 = Debug|Any CPU
		{D656694D-207A-4C7B-9A66-E8E372F1723A}.Release|Any CPU.ActiveCfg = Release|Any CPU
		{D656694D-207A-4C7B-9A66-E8E372F1723A}.Release|Any CPU.Build.0 = Release|Any CPU
		{1D1A1943-9C81-4C67-A1A7-4CA4251D359E}.Debug|Any CPU.ActiveCfg = Debug|Any CPU
		{1D1A1943-9C81-4C67-A1A7-4CA4251D359E}.Debug|Any CPU.Build.0 = Debug|Any CPU
		{1D1A1943-9C81-4C67-A1A7-4CA4251D359E}.Release|Any CPU.ActiveCfg = Release|Any CPU
		{1D1A1943-9C81-4C67-A1A7-4CA4251D359E}.Release|Any CPU.Build.0 = Release|Any CPU
		{247860B8-D902-4B2A-9344-3DD0F52C81B8}.Debug|Any CPU.ActiveCfg = Debug|Any CPU
		{247860B8-D902-4B2A-9344-3DD0F52C81B8}.Debug|Any CPU.Build.0 = Debug|Any CPU
		{247860B8-D902-4B2A-9344-3DD0F52C81B8}.Release|Any CPU.ActiveCfg = Release|Any CPU
		{247860B8-D902-4B2A-9344-3DD0F52C81B8}.Release|Any CPU.Build.0 = Release|Any CPU
		{CDEE8990-B1A1-4644-9B7D-752E8EA836C6}.Debug|Any CPU.ActiveCfg = Debug|Any CPU
		{CDEE8990-B1A1-4644-9B7D-752E8EA836C6}.Debug|Any CPU.Build.0 = Debug|Any CPU
		{CDEE8990-B1A1-4644-9B7D-752E8EA836C6}.Release|Any CPU.ActiveCfg = Release|Any CPU
		{CDEE8990-B1A1-4644-9B7D-752E8EA836C6}.Release|Any CPU.Build.0 = Release|Any CPU
	EndGlobalSection
	GlobalSection(SolutionProperties) = preSolution
		HideSolutionNode = FALSE
	EndGlobalSection
	GlobalSection(ExtensibilityGlobals) = postSolution
		SolutionGuid = {78C8E6E9-3052-47F7-98BE-121B6FE855F9}
	EndGlobalSection
EndGlobal
